
Microsoft Visual Studio Solution File, Format Version 12.00
Project("{FAE04EC0-301F-11D3-BF4B-00C04F79EFBC}") = "P02_FootballBetting", "P02_FootballBetting\P02_FootballBetting.csproj", "{22B99D0E-8388-4AC1-A1D3-5A2810832CFF}"
EndProject
Project("{FAE04EC0-301F-11D3-BF4B-00C04F79EFBC}") = "P02_FootballBetting.Data", "P02_FootballBetting.Data\P02_FootballBetting.Data.csproj", "{A0637B33-7500-4352-AC14-EAAE2FE2161D}"
EndProject
Project("{FAE04EC0-301F-11D3-BF4B-00C04F79EFBC}") = "P02_FootballBetting.Data.Models", "P02_FootballBetting.Data.Models\P02_FootballBetting.Data.Models.csproj", "{C52DBF19-97B9-4B2F-9458-C421E1F5BF10}"
EndProject
Global
	GlobalSection(SolutionConfigurationPlatforms) = preSolution
		Debug|Any CPU = Debug|Any CPU
		Release|Any CPU = Release|Any CPU
	EndGlobalSection
	GlobalSection(ProjectConfigurationPlatforms) = postSolution
		{22B99D0E-8388-4AC1-A1D3-5A2810832CFF}.Debug|Any CPU.ActiveCfg = Debug|Any CPU
		{22B99D0E-8388-4AC1-A1D3-5A2810832CFF}.Debug|Any CPU.Build.0 = Debug|Any CPU
		{22B99D0E-8388-4AC1-A1D3-5A2810832CFF}.Release|Any CPU.ActiveCfg = Release|Any CPU
		{22B99D0E-8388-4AC1-A1D3-5A2810832CFF}.Release|Any CPU.Build.0 = Release|Any CPU
		{A0637B33-7500-4352-AC14-EAAE2FE2161D}.Debug|Any CPU.ActiveCfg = Debug|Any CPU
		{A0637B33-7500-4352-AC14-EAAE2FE2161D}.Debug|Any CPU.Build.0 = Debug|Any CPU
		{A0637B33-7500-4352-AC14-EAAE2FE2161D}.Release|Any CPU.ActiveCfg = Release|Any CPU
		{A0637B33-7500-4352-AC14-EAAE2FE2161D}.Release|Any CPU.Build.0 = Release|Any CPU
		{C52DBF19-97B9-4B2F-9458-C421E1F5BF10}.Debug|Any CPU.ActiveCfg = Debug|Any CPU
		{C52DBF19-97B9-4B2F-9458-C421E1F5BF10}.Debug|Any CPU.Build.0 = Debug|Any CPU
		{C52DBF19-97B9-4B2F-9458-C421E1F5BF10}.Release|Any CPU.ActiveCfg = Release|Any CPU
		{C52DBF19-97B9-4B2F-9458-C421E1F5BF10}.Release|Any CPU.Build.0 = Release|Any CPU
	EndGlobalSection
EndGlobal
